
Microsoft Visual Studio Solution File, Format Version 12.00
# Visual Studio 15
VisualStudioVersion = 15.0.28307.572
MinimumVisualStudioVersion = 10.0.40219.1
Project("{9A19103F-16F7-4668-BE54-9A1E7A4F7556}") = "IdentityServer.API", "AppFramework.IdentityServer.API\IdentityServer.API\IdentityServer.API.csproj", "{70998D08-D0C4-4912-B6F9-D7A22D24C04C}"
EndProject
Global
	GlobalSection(SolutionConfigurationPlatforms) = preSolution
		Debug|Any CPU = Debug|Any CPU
		Release|Any CPU = Release|Any CPU
	EndGlobalSection
	GlobalSection(ProjectConfigurationPlatforms) = postSolution
		{70998D08-D0C4-4912-B6F9-D7A22D24C04C}.Debug|Any CPU.ActiveCfg = Debug|Any CPU
		{70998D08-D0C4-4912-B6F9-D7A22D24C04C}.Debug|Any CPU.Build.0 = Debug|Any CPU
		{70998D08-D0C4-4912-B6F9-D7A22D24C04C}.Release|Any CPU.ActiveCfg = Release|Any CPU
		{70998D08-D0C4-4912-B6F9-D7A22D24C04C}.Release|Any CPU.Build.0 = Release|Any CPU
	EndGlobalSection
	GlobalSection(SolutionProperties) = preSolution
		HideSolutionNode = FALSE
	EndGlobalSection
	GlobalSection(ExtensibilityGlobals) = postSolution
		SolutionGuid = {07F4250E-0E04-401C-A8F3-126B1198C425}
	EndGlobalSection
EndGlobal
